
Microsoft Visual Studio Solution File, Format Version 12.00
# Visual Studio Version 17
VisualStudioVersion = 17.5.33530.505
MinimumVisualStudioVersion = 10.0.40219.1
Project("{FAE04EC0-301F-11D3-BF4B-00C04F79EFBC}") = "ConsoleApp1", "ConsoleApp1.csproj", "{524B2020-4F73-43C6-AFFE-9EB3D1CE148E}"
EndProject
Global
	GlobalSection(SolutionConfigurationPlatforms) = preSolution
		Debug|Any CPU = Debug|Any CPU
		Release|Any CPU = Release|Any CPU
	EndGlobalSection
	GlobalSection(ProjectConfigurationPlatforms) = postSolution
		{524B2020-4F73-43C6-AFFE-9EB3D1CE148E}.Debug|Any CPU.ActiveCfg = Debug|Any CPU
		{524B2020-4F73-43C6-AFFE-9EB3D1CE148E}.Debug|Any CPU.Build.0 = Debug|Any CPU
		{524B2020-4F73-43C6-AFFE-9EB3D1CE148E}.Release|Any CPU.ActiveCfg = Release|Any CPU
		{524B2020-4F73-43C6-AFFE-9EB3D1CE148E}.Release|Any CPU.Build.0 = Release|Any CPU
	EndGlobalSection
	GlobalSection(SolutionProperties) = preSolution
		HideSolutionNode = FALSE
	EndGlobalSection
	GlobalSection(ExtensibilityGlobals) = postSolution
		SolutionGuid = {D8ACF828-4C4A-4CF9-8554-48C8E75A6AF6}
	EndGlobalSection
EndGlobal
